
Microsoft Visual Studio Solution File, Format Version 12.00
# Visual Studio Version 17
VisualStudioVersion = 17.3.32922.545
MinimumVisualStudioVersion = 10.0.40219.1
Project("{9A19103F-16F7-4668-BE54-9A1E7A4F7556}") = "libtbskmodem", "libtbskmodem\libtbskmodem.csproj", "{19F98168-14B3-45A1-8B85-F5CEFD995764}"
EndProject
Project("{2150E333-8FDC-42A3-9474-1A3956D46DE8}") = "getstarted", "getstarted", "{03820225-A674-4791-8077-35236AC931CF}"
EndProject
Project("{9A19103F-16F7-4668-BE54-9A1E7A4F7556}") = "NAudioIF", "NAudioIF\NAudioIF.csproj", "{C4023E8A-40E3-4B83-8858-B1FE2E5CE140}"
	ProjectSection(ProjectDependencies) = postProject
		{19F98168-14B3-45A1-8B85-F5CEFD995764} = {19F98168-14B3-45A1-8B85-F5CEFD995764}
	EndProjectSection
EndProject
Project("{2150E333-8FDC-42A3-9474-1A3956D46DE8}") = "Readme", "Readme", "{8FE35D26-55CE-4257-8602-150719AE8F74}"
	ProjectSection(SolutionItems) = preProject
		..\..\LICENSE = ..\..\LICENSE
		..\..\Readme.en.md = ..\..\Readme.en.md
		..\..\Readme.md = ..\..\Readme.md
	EndProjectSection
EndProject
Project("{2150E333-8FDC-42A3-9474-1A3956D46DE8}") = "test", "test", "{0D455957-8562-47B9-9FC5-E79F84D4286E}"
EndProject
Project("{9A19103F-16F7-4668-BE54-9A1E7A4F7556}") = "step1_modulate", "getstarted\step1_modulate\step1_modulate.csproj", "{C35D0431-B04A-4363-BACB-D2744E6BC219}"
	ProjectSection(ProjectDependencies) = postProject
		{19F98168-14B3-45A1-8B85-F5CEFD995764} = {19F98168-14B3-45A1-8B85-F5CEFD995764}
	EndProjectSection
EndProject
Project("{9A19103F-16F7-4668-BE54-9A1E7A4F7556}") = "step2_demodulate", "getstarted\step2_demodulate\step2_demodulate.csproj", "{DDD9E45F-49E0-4796-A4B3-8F2711973CE7}"
EndProject
Project("{9A19103F-16F7-4668-BE54-9A1E7A4F7556}") = "step3_bytedata", "getstarted\step3_bytedata\step3_bytedata.csproj", "{0E3A22C9-A930-4D3B-A70A-0B691332760C}"
EndProject
Project("{9A19103F-16F7-4668-BE54-9A1E7A4F7556}") = "step4_text", "getstarted\step4_text\step4_text.csproj", "{3F85B7C6-7C2D-49DB-BF9A-0CFDBD3C148C}"
EndProject
Project("{9A19103F-16F7-4668-BE54-9A1E7A4F7556}") = "step5_microphone", "getstarted\step5_microphone\step5_microphone.csproj", "{48728FF9-F6A5-4793-8465-E792D7B28344}"
EndProject
Project("{9A19103F-16F7-4668-BE54-9A1E7A4F7556}") = "step6_realtime_receive", "getstarted\step6_realtime_receive\step6_realtime_receive.csproj", "{9AEB6BD7-5ED0-46F3-B527-37459E1C563B}"
EndProject
Project("{9A19103F-16F7-4668-BE54-9A1E7A4F7556}") = "005_suffix_detect_error", "test\005_suffix_detect_error\005_suffix_detect_error.csproj", "{78A77775-EFE6-47B9-9AB0-637354309878}"
EndProject
Project("{9A19103F-16F7-4668-BE54-9A1E7A4F7556}") = "007_suffix", "test\007_suffix\007_suffix.csproj", "{92824781-4326-4D3A-8744-8DF97ADF3458}"
EndProject
Project("{FAE04EC0-301F-11D3-BF4B-00C04F79EFBC}") = "BrokenUTF8Test", "test\utf-8test\BrokenUTF8Test\BrokenUTF8Test.csproj", "{D8F1B8C9-A5D8-4EB6-9755-A43A2D9E5774}"
EndProject
Global
	GlobalSection(SolutionConfigurationPlatforms) = preSolution
		Debug|Any CPU = Debug|Any CPU
		Debug|x64 = Debug|x64
		Debug|x86 = Debug|x86
		Release|Any CPU = Release|Any CPU
		Release|x64 = Release|x64
		Release|x86 = Release|x86
	EndGlobalSection
	GlobalSection(ProjectConfigurationPlatforms) = postSolution
		{19F98168-14B3-45A1-8B85-F5CEFD995764}.Debug|Any CPU.ActiveCfg = Debug|Any CPU
		{19F98168-14B3-45A1-8B85-F5CEFD995764}.Debug|Any CPU.Build.0 = Debug|Any CPU
		{19F98168-14B3-45A1-8B85-F5CEFD995764}.Debug|x64.ActiveCfg = Debug|Any CPU
		{19F98168-14B3-45A1-8B85-F5CEFD995764}.Debug|x64.Build.0 = Debug|Any CPU
		{19F98168-14B3-45A1-8B85-F5CEFD995764}.Debug|x86.ActiveCfg = Debug|Any CPU
		{19F98168-14B3-45A1-8B85-F5CEFD995764}.Debug|x86.Build.0 = Debug|Any CPU
		{19F98168-14B3-45A1-8B85-F5CEFD995764}.Release|Any CPU.ActiveCfg = Release|Any CPU
		{19F98168-14B3-45A1-8B85-F5CEFD995764}.Release|Any CPU.Build.0 = Release|Any CPU
		{19F98168-14B3-45A1-8B85-F5CEFD995764}.Release|x64.ActiveCfg = Release|Any CPU
		{19F98168-14B3-45A1-8B85-F5CEFD995764}.Release|x64.Build.0 = Release|Any CPU
		{19F98168-14B3-45A1-8B85-F5CEFD995764}.Release|x86.ActiveCfg = Release|Any CPU
		{19F98168-14B3-45A1-8B85-F5CEFD995764}.Release|x86.Build.0 = Release|Any CPU
		{C4023E8A-40E3-4B83-8858-B1FE2E5CE140}.Debug|Any CPU.ActiveCfg = Debug|Any CPU
		{C4023E8A-40E3-4B83-8858-B1FE2E5CE140}.Debug|Any CPU.Build.0 = Debug|Any CPU
		{C4023E8A-40E3-4B83-8858-B1FE2E5CE140}.Debug|x64.ActiveCfg = Debug|Any CPU
		{C4023E8A-40E3-4B83-8858-B1FE2E5CE140}.Debug|x64.Build.0 = Debug|Any CPU
		{C4023E8A-40E3-4B83-8858-B1FE2E5CE140}.Debug|x86.ActiveCfg = Debug|Any CPU
		{C4023E8A-40E3-4B83-8858-B1FE2E5CE140}.Debug|x86.Build.0 = Debug|Any CPU
		{C4023E8A-40E3-4B83-8858-B1FE2E5CE140}.Release|Any CPU.ActiveCfg = Release|Any CPU
		{C4023E8A-40E3-4B83-8858-B1FE2E5CE140}.Release|Any CPU.Build.0 = Release|Any CPU
		{C4023E8A-40E3-4B83-8858-B1FE2E5CE140}.Release|x64.ActiveCfg = Release|Any CPU
		{C4023E8A-40E3-4B83-8858-B1FE2E5CE140}.Release|x64.Build.0 = Release|Any CPU
		{C4023E8A-40E3-4B83-8858-B1FE2E5CE140}.Release|x86.ActiveCfg = Release|Any CPU
		{C4023E8A-40E3-4B83-8858-B1FE2E5CE140}.Release|x86.Build.0 = Release|Any CPU
		{C35D0431-B04A-4363-BACB-D2744E6BC219}.Debug|Any CPU.ActiveCfg = Debug|Any CPU
		{C35D0431-B04A-4363-BACB-D2744E6BC219}.Debug|Any CPU.Build.0 = Debug|Any CPU
		{C35D0431-B04A-4363-BACB-D2744E6BC219}.Debug|x64.ActiveCfg = Debug|Any CPU
		{C35D0431-B04A-4363-BACB-D2744E6BC219}.Debug|x64.Build.0 = Debug|Any CPU
		{C35D0431-B04A-4363-BACB-D2744E6BC219}.Debug|x86.ActiveCfg = Debug|Any CPU
		{C35D0431-B04A-4363-BACB-D2744E6BC219}.Debug|x86.Build.0 = Debug|Any CPU
		{C35D0431-B04A-4363-BACB-D2744E6BC219}.Release|Any CPU.ActiveCfg = Release|Any CPU
		{C35D0431-B04A-4363-BACB-D2744E6BC219}.Release|Any CPU.Build.0 = Release|Any CPU
		{C35D0431-B04A-4363-BACB-D2744E6BC219}.Release|x64.ActiveCfg = Release|Any CPU
		{C35D0431-B04A-4363-BACB-D2744E6BC219}.Release|x64.Build.0 = Release|Any CPU
		{C35D0431-B04A-4363-BACB-D2744E6BC219}.Release|x86.ActiveCfg = Release|Any CPU
		{C35D0431-B04A-4363-BACB-D2744E6BC219}.Release|x86.Build.0 = Release|Any CPU
		{DDD9E45F-49E0-4796-A4B3-8F2711973CE7}.Debug|Any CPU.ActiveCfg = Debug|Any CPU
		{DDD9E45F-49E0-4796-A4B3-8F2711973CE7}.Debug|Any CPU.Build.0 = Debug|Any CPU
		{DDD9E45F-49E0-4796-A4B3-8F2711973CE7}.Debug|x64.ActiveCfg = Debug|Any CPU
		{DDD9E45F-49E0-4796-A4B3-8F2711973CE7}.Debug|x64.Build.0 = Debug|Any CPU
		{DDD9E45F-49E0-4796-A4B3-8F2711973CE7}.Debug|x86.ActiveCfg = Debug|Any CPU
		{DDD9E45F-49E0-4796-A4B3-8F2711973CE7}.Debug|x86.Build.0 = Debug|Any CPU
		{DDD9E45F-49E0-4796-A4B3-8F2711973CE7}.Release|Any CPU.ActiveCfg = Release|Any CPU
		{DDD9E45F-49E0-4796-A4B3-8F2711973CE7}.Release|Any CPU.Build.0 = Release|Any CPU
		{DDD9E45F-49E0-4796-A4B3-8F2711973CE7}.Release|x64.ActiveCfg = Release|Any CPU
		{DDD9E45F-49E0-4796-A4B3-8F2711973CE7}.Release|x64.Build.0 = Release|Any CPU
		{DDD9E45F-49E0-4796-A4B3-8F2711973CE7}.Release|x86.ActiveCfg = Release|Any CPU
		{DDD9E45F-49E0-4796-A4B3-8F2711973CE7}.Release|x86.Build.0 = Release|Any CPU
		{0E3A22C9-A930-4D3B-A70A-0B691332760C}.Debug|Any CPU.ActiveCfg = Debug|Any CPU
		{0E3A22C9-A930-4D3B-A70A-0B691332760C}.Debug|Any CPU.Build.0 = Debug|Any CPU
		{0E3A22C9-A930-4D3B-A70A-0B691332760C}.Debug|x64.ActiveCfg = Debug|Any CPU
		{0E3A22C9-A930-4D3B-A70A-0B691332760C}.Debug|x64.Build.0 = Debug|Any CPU
		{0E3A22C9-A930-4D3B-A70A-0B691332760C}.Debug|x86.ActiveCfg = Debug|Any CPU
		{0E3A22C9-A930-4D3B-A70A-0B691332760C}.Debug|x86.Build.0 = Debug|Any CPU
		{0E3A22C9-A930-4D3B-A70A-0B691332760C}.Release|Any CPU.ActiveCfg = Release|Any CPU
		{0E3A22C9-A930-4D3B-A70A-0B691332760C}.Release|Any CPU.Build.0 = Release|Any CPU
		{0E3A22C9-A930-4D3B-A70A-0B691332760C}.Release|x64.ActiveCfg = Release|Any CPU
		{0E3A22C9-A930-4D3B-A70A-0B691332760C}.Release|x64.Build.0 = Release|Any CPU
		{0E3A22C9-A930-4D3B-A70A-0B691332760C}.Release|x86.ActiveCfg = Release|Any CPU
		{0E3A22C9-A930-4D3B-A70A-0B691332760C}.Release|x86.Build.0 = Release|Any CPU
		{3F85B7C6-7C2D-49DB-BF9A-0CFDBD3C148C}.Debug|Any CPU.ActiveCfg = Debug|Any CPU
		{3F85B7C6-7C2D-49DB-BF9A-0CFDBD3C148C}.Debug|Any CPU.Build.0 = Debug|Any CPU
		{3F85B7C6-7C2D-49DB-BF9A-0CFDBD3C148C}.Debug|x64.ActiveCfg = Debug|Any CPU
		{3F85B7C6-7C2D-49DB-BF9A-0CFDBD3C148C}.Debug|x64.Build.0 = Debug|Any CPU
		{3F85B7C6-7C2D-49DB-BF9A-0CFDBD3C148C}.Debug|x86.ActiveCfg = Debug|Any CPU
		{3F85B7C6-7C2D-49DB-BF9A-0CFDBD3C148C}.Debug|x86.Build.0 = Debug|Any CPU
		{3F85B7C6-7C2D-49DB-BF9A-0CFDBD3C148C}.Release|Any CPU.ActiveCfg = Release|Any CPU
		{3F85B7C6-7C2D-49DB-BF9A-0CFDBD3C148C}.Release|Any CPU.Build.0 = Release|Any CPU
		{3F85B7C6-7C2D-49DB-BF9A-0CFDBD3C148C}.Release|x64.ActiveCfg = Release|Any CPU
		{3F85B7C6-7C2D-49DB-BF9A-0CFDBD3C148C}.Release|x64.Build.0 = Release|Any CPU
		{3F85B7C6-7C2D-49DB-BF9A-0CFDBD3C148C}.Release|x86.ActiveCfg = Release|Any CPU
		{3F85B7C6-7C2D-49DB-BF9A-0CFDBD3C148C}.Release|x86.Build.0 = Release|Any CPU
		{48728FF9-F6A5-4793-8465-E792D7B28344}.Debug|Any CPU.ActiveCfg = Debug|Any CPU
		{48728FF9-F6A5-4793-8465-E792D7B28344}.Debug|Any CPU.Build.0 = Debug|Any CPU
		{48728FF9-F6A5-4793-8465-E792D7B28344}.Debug|x64.ActiveCfg = Debug|Any CPU
		{48728FF9-F6A5-4793-8465-E792D7B28344}.Debug|x64.Build.0 = Debug|Any CPU
		{48728FF9-F6A5-4793-8465-E792D7B28344}.Debug|x86.ActiveCfg = Debug|Any CPU
		{48728FF9-F6A5-4793-8465-E792D7B28344}.Debug|x86.Build.0 = Debug|Any CPU
		{48728FF9-F6A5-4793-8465-E792D7B28344}.Release|Any CPU.ActiveCfg = Release|Any CPU
		{48728FF9-F6A5-4793-8465-E792D7B28344}.Release|Any CPU.Build.0 = Release|Any CPU
		{48728FF9-F6A5-4793-8465-E792D7B28344}.Release|x64.ActiveCfg = Release|Any CPU
		{48728FF9-F6A5-4793-8465-E792D7B28344}.Release|x64.Build.0 = Release|Any CPU
		{48728FF9-F6A5-4793-8465-E792D7B28344}.Release|x86.ActiveCfg = Release|Any CPU
		{48728FF9-F6A5-4793-8465-E792D7B28344}.Release|x86.Build.0 = Release|Any CPU
		{9AEB6BD7-5ED0-46F3-B527-37459E1C563B}.Debug|Any CPU.ActiveCfg = Debug|Any CPU
		{9AEB6BD7-5ED0-46F3-B527-37459E1C563B}.Debug|Any CPU.Build.0 = Debug|Any CPU
		{9AEB6BD7-5ED0-46F3-B527-37459E1C563B}.Debug|x64.ActiveCfg = Debug|Any CPU
		{9AEB6BD7-5ED0-46F3-B527-37459E1C563B}.Debug|x64.Build.0 = Debug|Any CPU
		{9AEB6BD7-5ED0-46F3-B527-37459E1C563B}.Debug|x86.ActiveCfg = Debug|Any CPU
		{9AEB6BD7-5ED0-46F3-B527-37459E1C563B}.Debug|x86.Build.0 = Debug|Any CPU
		{9AEB6BD7-5ED0-46F3-B527-37459E1C563B}.Release|Any CPU.ActiveCfg = Release|Any CPU
		{9AEB6BD7-5ED0-46F3-B527-37459E1C563B}.Release|Any CPU.Build.0 = Release|Any CPU
		{9AEB6BD7-5ED0-46F3-B527-37459E1C563B}.Release|x64.ActiveCfg = Release|Any CPU
		{9AEB6BD7-5ED0-46F3-B527-37459E1C563B}.Release|x64.Build.0 = Release|Any CPU
		{9AEB6BD7-5ED0-46F3-B527-37459E1C563B}.Release|x86.ActiveCfg = Release|Any CPU
		{9AEB6BD7-5ED0-46F3-B527-37459E1C563B}.Release|x86.Build.0 = Release|Any CPU
		{78A77775-EFE6-47B9-9AB0-637354309878}.Debug|Any CPU.ActiveCfg = Debug|Any CPU
		{78A77775-EFE6-47B9-9AB0-637354309878}.Debug|Any CPU.Build.0 = Debug|Any CPU
		{78A77775-EFE6-47B9-9AB0-637354309878}.Debug|x64.ActiveCfg = Debug|Any CPU
		{78A77775-EFE6-47B9-9AB0-637354309878}.Debug|x64.Build.0 = Debug|Any CPU
		{78A77775-EFE6-47B9-9AB0-637354309878}.Debug|x86.ActiveCfg = Debug|Any CPU
		{78A77775-EFE6-47B9-9AB0-637354309878}.Debug|x86.Build.0 = Debug|Any CPU
		{78A77775-EFE6-47B9-9AB0-637354309878}.Release|Any CPU.ActiveCfg = Release|Any CPU
		{78A77775-EFE6-47B9-9AB0-637354309878}.Release|Any CPU.Build.0 = Release|Any CPU
		{78A77775-EFE6-47B9-9AB0-637354309878}.Release|x64.ActiveCfg = Release|Any CPU
		{78A77775-EFE6-47B9-9AB0-637354309878}.Release|x64.Build.0 = Release|Any CPU
		{78A77775-EFE6-47B9-9AB0-637354309878}.Release|x86.ActiveCfg = Release|Any CPU
		{78A77775-EFE6-47B9-9AB0-637354309878}.Release|x86.Build.0 = Release|Any CPU
		{92824781-4326-4D3A-8744-8DF97ADF3458}.Debug|Any CPU.ActiveCfg = Debug|Any CPU
		{92824781-4326-4D3A-8744-8DF97ADF3458}.Debug|Any CPU.Build.0 = Debug|Any CPU
		{92824781-4326-4D3A-8744-8DF97ADF3458}.Debug|x64.ActiveCfg = Debug|Any CPU
		{92824781-4326-4D3A-8744-8DF97ADF3458}.Debug|x64.Build.0 = Debug|Any CPU
		{92824781-4326-4D3A-8744-8DF97ADF3458}.Debug|x86.ActiveCfg = Debug|Any CPU
		{92824781-4326-4D3A-8744-8DF97ADF3458}.Debug|x86.Build.0 = Debug|Any CPU
		{92824781-4326-4D3A-8744-8DF97ADF3458}.Release|Any CPU.ActiveCfg = Release|Any CPU
		{92824781-4326-4D3A-8744-8DF97ADF3458}.Release|Any CPU.Build.0 = Release|Any CPU
		{92824781-4326-4D3A-8744-8DF97ADF3458}.Release|x64.ActiveCfg = Release|Any CPU
		{92824781-4326-4D3A-8744-8DF97ADF3458}.Release|x64.Build.0 = Release|Any CPU
		{92824781-4326-4D3A-8744-8DF97ADF3458}.Release|x86.ActiveCfg = Release|Any CPU
		{92824781-4326-4D3A-8744-8DF97ADF3458}.Release|x86.Build.0 = Release|Any CPU
		{D8F1B8C9-A5D8-4EB6-9755-A43A2D9E5774}.Debug|Any CPU.ActiveCfg = Debug|Any CPU
		{D8F1B8C9-A5D8-4EB6-9755-A43A2D9E5774}.Debug|Any CPU.Build.0 = Debug|Any CPU
		{D8F1B8C9-A5D8-4EB6-9755-A43A2D9E5774}.Debug|x64.ActiveCfg = Debug|Any CPU
		{D8F1B8C9-A5D8-4EB6-9755-A43A2D9E5774}.Debug|x64.Build.0 = Debug|Any CPU
		{D8F1B8C9-A5D8-4EB6-9755-A43A2D9E5774}.Debug|x86.ActiveCfg = Debug|Any CPU
		{D8F1B8C9-A5D8-4EB6-9755-A43A2D9E5774}.Debug|x86.Build.0 = Debug|Any CPU
		{D8F1B8C9-A5D8-4EB6-9755-A43A2D9E5774}.Release|Any CPU.ActiveCfg = Release|Any CPU
		{D8F1B8C9-A5D8-4EB6-9755-A43A2D9E5774}.Release|Any CPU.Build.0 = Release|Any CPU
		{D8F1B8C9-A5D8-4EB6-9755-A43A2D9E5774}.Release|x64.ActiveCfg = Release|Any CPU
		{D8F1B8C9-A5D8-4EB6-9755-A43A2D9E5774}.Release|x64.Build.0 = Release|Any CPU
		{D8F1B8C9-A5D8-4EB6-9755-A43A2D9E5774}.Release|x86.ActiveCfg = Release|Any CPU
		{D8F1B8C9-A5D8-4EB6-9755-A43A2D9E5774}.Release|x86.Build.0 = Release|Any CPU
	EndGlobalSection
	GlobalSection(SolutionProperties) = preSolution
		HideSolutionNode = FALSE
	EndGlobalSection
	GlobalSection(NestedProjects) = preSolution
		{C35D0431-B04A-4363-BACB-D2744E6BC219} = {03820225-A674-4791-8077-35236AC931CF}
		{DDD9E45F-49E0-4796-A4B3-8F2711973CE7} = {03820225-A674-4791-8077-35236AC931CF}
		{0E3A22C9-A930-4D3B-A70A-0B691332760C} = {03820225-A674-4791-8077-35236AC931CF}
		{3F85B7C6-7C2D-49DB-BF9A-0CFDBD3C148C} = {03820225-A674-4791-8077-35236AC931CF}
		{48728FF9-F6A5-4793-8465-E792D7B28344} = {03820225-A674-4791-8077-35236AC931CF}
		{9AEB6BD7-5ED0-46F3-B527-37459E1C563B} = {03820225-A674-4791-8077-35236AC931CF}
		{78A77775-EFE6-47B9-9AB0-637354309878} = {0D455957-8562-47B9-9FC5-E79F84D4286E}
		{92824781-4326-4D3A-8744-8DF97ADF3458} = {0D455957-8562-47B9-9FC5-E79F84D4286E}
		{D8F1B8C9-A5D8-4EB6-9755-A43A2D9E5774} = {0D455957-8562-47B9-9FC5-E79F84D4286E}
	EndGlobalSection
	GlobalSection(ExtensibilityGlobals) = postSolution
		SolutionGuid = {F5DAC155-8AC7-4201-BB27-40A13FC6A4B5}
	EndGlobalSection
EndGlobal
